
Microsoft Visual Studio Solution File, Format Version 12.00
# Visual Studio Version 16
VisualStudioVersion = 16.0.33328.57
MinimumVisualStudioVersion = 10.0.40219.1
Project("{FAE04EC0-301F-11D3-BF4B-00C04F79EFBC}") = "DSA_Assignment", "DSA_Assignment\DSA_Assignment.csproj", "{FBE3E39D-7329-4B4D-AC39-C8E74F1D2C5A}"
EndProject
Global
	GlobalSection(SolutionConfigurationPlatforms) = preSolution
		Debug|Any CPU = Debug|Any CPU
		Release|Any CPU = Release|Any CPU
	EndGlobalSection
	GlobalSection(ProjectConfigurationPlatforms) = postSolution
		{FBE3E39D-7329-4B4D-AC39-C8E74F1D2C5A}.Debug|Any CPU.ActiveCfg = Debug|Any CPU
		{FBE3E39D-7329-4B4D-AC39-C8E74F1D2C5A}.Debug|Any CPU.Build.0 = Debug|Any CPU
		{FBE3E39D-7329-4B4D-AC39-C8E74F1D2C5A}.Release|Any CPU.ActiveCfg = Release|Any CPU
		{FBE3E39D-7329-4B4D-AC39-C8E74F1D2C5A}.Release|Any CPU.Build.0 = Release|Any CPU
	EndGlobalSection
	GlobalSection(SolutionProperties) = preSolution
		HideSolutionNode = FALSE
	EndGlobalSection
	GlobalSection(ExtensibilityGlobals) = postSolution
		SolutionGuid = {D6784E4D-162A-473A-AAC3-1F2A0B073232}
	EndGlobalSection
EndGlobal
